
Microsoft Visual Studio Solution File, Format Version 12.00
# Visual Studio Version 17
VisualStudioVersion = 17.0.31903.59
MinimumVisualStudioVersion = 10.0.40219.1
Project("{9A19103F-16F7-4668-BE54-9A1E7A4F7556}") = "DevEssentials", "src\DevEssentials\DevEssentials.csproj", "{A04B1951-71C5-42BF-9F33-43EC9A18318E}"
EndProject
Project("{9A19103F-16F7-4668-BE54-9A1E7A4F7556}") = "DevEssentials.Tests", "test\DevEssentials.Tests\DevEssentials.Tests.csproj", "{75F09AC0-FEE8-4EB3-AA77-6365EE301DF4}"
EndProject
Project("{FAE04EC0-301F-11D3-BF4B-00C04F79EFBC}") = "DevEssentials.Testing", "src\DevEssentials.Testing\DevEssentials.Testing.csproj", "{E229FF4D-A996-453E-B82A-08339EDA8CF3}"
EndProject
Global
	GlobalSection(SolutionConfigurationPlatforms) = preSolution
		Debug|Any CPU = Debug|Any CPU
		Release|Any CPU = Release|Any CPU
	EndGlobalSection
	GlobalSection(ProjectConfigurationPlatforms) = postSolution
		{A04B1951-71C5-42BF-9F33-43EC9A18318E}.Debug|Any CPU.ActiveCfg = Debug|Any CPU
		{A04B1951-71C5-42BF-9F33-43EC9A18318E}.Debug|Any CPU.Build.0 = Debug|Any CPU
		{A04B1951-71C5-42BF-9F33-43EC9A18318E}.Release|Any CPU.ActiveCfg = Release|Any CPU
		{A04B1951-71C5-42BF-9F33-43EC9A18318E}.Release|Any CPU.Build.0 = Release|Any CPU
		{75F09AC0-FEE8-4EB3-AA77-6365EE301DF4}.Debug|Any CPU.ActiveCfg = Debug|Any CPU
		{75F09AC0-FEE8-4EB3-AA77-6365EE301DF4}.Debug|Any CPU.Build.0 = Debug|Any CPU
		{75F09AC0-FEE8-4EB3-AA77-6365EE301DF4}.Release|Any CPU.ActiveCfg = Release|Any CPU
		{75F09AC0-FEE8-4EB3-AA77-6365EE301DF4}.Release|Any CPU.Build.0 = Release|Any CPU
		{E229FF4D-A996-453E-B82A-08339EDA8CF3}.Debug|Any CPU.ActiveCfg = Debug|Any CPU
		{E229FF4D-A996-453E-B82A-08339EDA8CF3}.Debug|Any CPU.Build.0 = Debug|Any CPU
		{E229FF4D-A996-453E-B82A-08339EDA8CF3}.Release|Any CPU.ActiveCfg = Release|Any CPU
		{E229FF4D-A996-453E-B82A-08339EDA8CF3}.Release|Any CPU.Build.0 = Release|Any CPU
	EndGlobalSection
	GlobalSection(SolutionProperties) = preSolution
		HideSolutionNode = FALSE
	EndGlobalSection
	GlobalSection(ExtensibilityGlobals) = postSolution
		SolutionGuid = {12B20775-2F48-42CF-8ACB-B03C07896F82}
	EndGlobalSection
EndGlobal
